
Microsoft Visual Studio Solution File, Format Version 12.00
# Visual Studio Version 16
VisualStudioVersion = 16.0.34301.259
MinimumVisualStudioVersion = 10.0.40219.1
Project("{FAE04EC0-301F-11D3-BF4B-00C04F79EFBC}") = "Arrays", "Arrays\Arrays.csproj", "{E4E0730D-326A-47C1-8B1B-F9517A306493}"
EndProject
Global
	GlobalSection(SolutionConfigurationPlatforms) = preSolution
		Debug|Any CPU = Debug|Any CPU
		Release|Any CPU = Release|Any CPU
	EndGlobalSection
	GlobalSection(ProjectConfigurationPlatforms) = postSolution
		{E4E0730D-326A-47C1-8B1B-F9517A306493}.Debug|Any CPU.ActiveCfg = Debug|Any CPU
		{E4E0730D-326A-47C1-8B1B-F9517A306493}.Debug|Any CPU.Build.0 = Debug|Any CPU
		{E4E0730D-326A-47C1-8B1B-F9517A306493}.Release|Any CPU.ActiveCfg = Release|Any CPU
		{E4E0730D-326A-47C1-8B1B-F9517A306493}.Release|Any CPU.Build.0 = Release|Any CPU
	EndGlobalSection
	GlobalSection(SolutionProperties) = preSolution
		HideSolutionNode = FALSE
	EndGlobalSection
	GlobalSection(ExtensibilityGlobals) = postSolution
		SolutionGuid = {9A05D679-2D5E-4C52-B08F-580188E9EFAD}
	EndGlobalSection
EndGlobal
